
Microsoft Visual Studio Solution File, Format Version 12.00
# Visual Studio Version 16
VisualStudioVersion = 16.0.31624.102
MinimumVisualStudioVersion = 10.0.40219.1
Project("{FAE04EC0-301F-11D3-BF4B-00C04F79EFBC}") = "RecruitCatShweta-T-Shah", "RecruitCatShweta-T-Shah\RecruitCatShweta-T-Shah.csproj", "{3A329266-0271-4C21-93C9-FE01492EB49E}"
EndProject
Global
	GlobalSection(SolutionConfigurationPlatforms) = preSolution
		Debug|Any CPU = Debug|Any CPU
		Release|Any CPU = Release|Any CPU
	EndGlobalSection
	GlobalSection(ProjectConfigurationPlatforms) = postSolution
		{3A329266-0271-4C21-93C9-FE01492EB49E}.Debug|Any CPU.ActiveCfg = Debug|Any CPU
		{3A329266-0271-4C21-93C9-FE01492EB49E}.Debug|Any CPU.Build.0 = Debug|Any CPU
		{3A329266-0271-4C21-93C9-FE01492EB49E}.Release|Any CPU.ActiveCfg = Release|Any CPU
		{3A329266-0271-4C21-93C9-FE01492EB49E}.Release|Any CPU.Build.0 = Release|Any CPU
	EndGlobalSection
	GlobalSection(SolutionProperties) = preSolution
		HideSolutionNode = FALSE
	EndGlobalSection
	GlobalSection(ExtensibilityGlobals) = postSolution
		SolutionGuid = {A5651281-4C16-414B-8CDE-E06738EA01E4}
	EndGlobalSection
EndGlobal
